github.com/aws/aws-lambda-go v1.41.0 h1:l/5fyVb6Ud9uYd411xdHZzSf2n86TakxzpvIoz7l+3Y=
github.com/aws/aws-lambda-go v1.41.0/go.mod h1:jwFe2KmMsHmffA1X2R09hH6lFzJQxzI8qK17ewzbQMM=
github.com/gorilla/context v1.1.2 h1:WRkNAv2uoa03QNIc1A6u4O7DAGMUVoopZhkiXWA2V1o=
github.com/gorilla/context v1.1.2/go.mod h1:KDPwT9i/MeWHiLl90fuTgrt4/wPcv75vFAZLaOOcbxM=
github.com/gorilla/mux v1.8.1 h1:TuBL49tXwgrFYWhqrNgrUNEY92u81SPhu7sTdzQEiWY=
github.com/gorilla/mux v1.8.1/go.mod h1:AKf9I4AEqPTmMytcMc0KkNouC66V3BtZ4qD5fmWSiMQ=
github.com/gorilla/pat v1.0.2 h1:TDh/RulbnPxMQACcwbgMF5Bf00jaGoeYBNu+XUFuwtE=
github.com/gorilla/pat v1.0.2/go.mod h1:ioQ7dFQ2KXmOmWLJs6vZAfRikcm2D2JyuLrL9b5wVCg=
github.com/gorilla/websocket v1.5.1 h1:gmztn0JnHVt9JZquRuzLw3g4wouNVzKL15iLr/zn/QY=
github.com/gorilla/websocket v1.5.1/go.mod h1:x3kM2JMyaluk02fnUJpQuwD2dCS5NDG2ZHL0uE0tcaY=
github.com/ian-kent/envconf v0.0.0-20141026121121-c19809918c02 h1:dU8zq210pt1b71X8xh9GOxC7uBHNtQ9BYC+Lb6SA/mA=
github.com/ian-kent/envconf v0.0.0-20141026121121-c19809918c02/go.mod h1:1m5fo3aKG2moYtGHC4I2nFkXmG97+vCeaEIWC+mXTSI=
github.com/ian-kent/go-log v0.0.0-20160113211217-5731446c36ab h1:OgrFrYWlVzY7Tc8rq7Y4ErlKo28igc70gbfJGTVWTJk=
github.com/ian-kent/go-log v0.0.0-20160113211217-5731446c36ab/go.mod h1:6HitiSDIbT2r0dab4CoKoMAtR7tb0ORQ3OmjkjCZ+zk=
github.com/ian-kent/goose v0.0.0-20141221090059-c3541ea826ad h1:5UZIY1lPvsBrRQRgyt00lJ1J6HH6CwWAVQB6azyAA1c=
github.com/ian-kent/goose v0.0.0-20141221090059-c3541ea826ad/go.mod h1:VHyJj0/IJFmpYvVqWFIN2HgjCatXujj7XaLLyOMC23M=
github.com/ian-kent/linkio v0.0.0-20170807205755-97566b872887 h1:LPaZmcRJS13h+igi07S26uKy0qxCa76u1+pArD+JGrY=
github.com/ian-kent/linkio v0.0.0-20170807205755-97566b872887/go.mod h1:aE63iKqF9rMrshaEiYZroUYFZLaYoTuA7pBMsg3lJoY=
github.com/joho/godotenv v1.5.1 h1:7eLL/+HRGLY0ldzfGMeQkb7vMd0as4CfYvUVzLqw0N0=
github.com/joho/godotenv v1.5.1/go.mod h1:f4LDr5Voq0i2e/R5DDNOoa2zzDfwtkZa6DnEwAbqwq4=
github.com/mailhog/MailHog v1.0.1 h1:NDExFIj+JGzXT3kmG31r7Okrn78Sk/5p9lP/TV8OE4E=
github.com/mailhog/MailHog v1.0.1/go.mod h1:QlN3aQB5Kx2ZoQy439EWkjWHyJrgqNDsjfknyQOBCOI=
github.com/mailhog/MailHog-Server v1.0.1 h1:mK9inUHV2p6pO55cHZTCdZ8D4aXzd+M9wvqtU0XmWcM=
github.com/mailhog/MailHog-Server v1.0.1/go.mod h1:ScCrImbapPxdrQ85qoxkMygsSiY74ohIj1knLzuN8J0=
github.com/mailhog/MailHog-UI v1.0.1 h1:B3mVLiVLd4amNVQtiklr+srI3eMKiMzYSXXqDGa7JzA=
github.com/mailhog/MailHog-UI v1.0.1/go.mod h1:zLEw2DaBMXpL6nmpdB8S5U1Y3MMSATlTcjUYSTAB7HQ=
github.com/mailhog/Mailhog v1.0.1 h1:wjnV3C138RwhaLcetO926tYp/28KXaQxPRfD0yRvWqI=
github.com/mailhog/Mailhog v1.0.1/go.mod h1:vIuUnNIstSfStmGoJxO5X4B/jIaP/IlinGumCf0OHgk=
github.com/mailhog/data v1.0.1 h1:7I+opBvVdi4EMJaihXavM98jp/ovt4o6mz47446RAW8=
github.com/mailhog/data v1.0.1/go.mod h1:tjR/iXRhbSUKHzAAMd99RygVaDB5rIDC/bmWc363MzU=
github.com/mailhog/http v1.0.1 h1:i3sxAt7/WcdRXdKJZgiDRkWIAYScnrqqHQTZSxXkM0I=
github.com/mailhog/http v1.0.1/go.mod h1:91oqUCI9ZoSDY2cTj4pWDJVBHCK1U762V2a4if4KlOw=
github.com/mailhog/mhsendmail v0.2.0 h1:C5HUC4obHfXIkttLfGBUopYbsJmh+bnExGWHBpWQ8IA=
github.com/mailhog/mhsendmail v0.2.0/go.mod h1:B0778+OoPEc5aEFqatEnSO4ZWl9FCTxvaY+c7OOQadM=
github.com/mailhog/smtp v1.0.1 h1:igL3N/L+pWuGCqUaje21HX3VIVnqHoVlqWO0t+wJEYE=
github.com/mailhog/smtp v1.0.1/go.mod h1:GMrAdv1hXro38xj5dsWPAk5ZiXJHFx9t7W9Yqsk0XUM=
github.com/mailhog/storage v1.0.1 h1:uut2nlG5hIxbsl6f8DGznPAHwQLf3/7Na2t4gmrIais=
github.com/mailhog/storage v1.0.1/go.mod h1:4EAUf5xaEVd7c/OhvSxOOwQ66jT6q2er+BDBQ0EVrew=
github.com/ogier/pflag v0.0.1 h1:RW6JSWSu/RkSatfcLtogGfFgpim5p7ARQ10ECk5O750=
github.com/ogier/pflag v0.0.1/go.mod h1:zkFki7tvTa0tafRvTBIZTvzYyAu6kQhPZFnshFFPE+g=
github.com/philhofer/fwd v1.1.2 h1:bnDivRJ1EWPjUIRXV5KfORO897HTbpFAQddBdE8t7Gw=
github.com/philhofer/fwd v1.1.2/go.mod h1:qkPdfjR2SIEbspLqpe1tO4n5yICnr2DY7mqEx2tUTP0=
github.com/rs/cors v1.10.1 h1:L0uuZVXIKlI1SShY2nhFfo44TYvDPQ1w4oFkUJNfhyo=
github.com/rs/cors v1.10.1/go.mod h1:XyqrcTp5zjWr1wsJ8PIRZssZ8b/WMcMf71DJnit4EMU=
github.com/t-k/fluent-logger-golang v1.0.0 h1:4IQzY+/l66Zkkhk9eB3LwF9vPkgKHJ1rpYdrRiap0EI=
github.com/t-k/fluent-logger-golang v1.0.0/go.mod h1:6vC3Vzp9Kva0l5J9+YDY5/ROePwkAqwLK+KneCjSm4w=
github.com/tinylib/msgp v1.1.9 h1:SHf3yoO2sGA0veCJeCBYLHuttAVFHGm2RHgNodW7wQU=
github.com/tinylib/msgp v1.1.9/go.mod h1:BCXGB54lDD8qUEPmiG0cQQUANC4IUQyB2ItS2UDlO/k=
golang.org/x/crypto v0.15.0 h1:frVn1TEaCEaZcn3Tmd7Y2b5KKPaZ+I32Q2OA3kYp5TA=
golang.org/x/crypto v0.15.0/go.mod h1:4ChreQoLWfG3xLDer1WdlH5NdlQ3+mwnQq1YTKY+72g=
golang.org/x/net v0.17.0 h1:pVaXccu2ozPjCXewfr1S7xza/zcXTity9cCdXQYSjIM=
golang.org/x/net v0.17.0/go.mod h1:NxSsAGuq816PNPmqtQdLE42eU2Fs7NoRIZrHJAlaCOE=
gopkg.in/mgo.v2 v2.0.0-20190816093944-a6b53ec6cb22 h1:VpOs+IwYnYBaFnrNAeB8UUWtL3vEUnzSCL1nVjPhqrw=
gopkg.in/mgo.v2 v2.0.0-20190816093944-a6b53ec6cb22/go.mod h1:yeKp02qBN3iKW1OzL3MGk2IdtZzaj7SFntXj72NppTA=
